
Microsoft Visual Studio Solution File, Format Version 12.00
# Visual Studio Version 16
VisualStudioVersion = 16.0.31321.278
MinimumVisualStudioVersion = 10.0.40219.1
Project("{9A19103F-16F7-4668-BE54-9A1E7A4F7556}") = "PrimerP_Ap2", "PrimerP_Ap2.csproj", "{820FBA7D-63AD-4124-ACD2-286CF2CAA5E6}"
EndProject
Global
	GlobalSection(SolutionConfigurationPlatforms) = preSolution
		Debug|Any CPU = Debug|Any CPU
		Release|Any CPU = Release|Any CPU
	EndGlobalSection
	GlobalSection(ProjectConfigurationPlatforms) = postSolution
		{820FBA7D-63AD-4124-ACD2-286CF2CAA5E6}.Debug|Any CPU.ActiveCfg = Debug|Any CPU
		{820FBA7D-63AD-4124-ACD2-286CF2CAA5E6}.Debug|Any CPU.Build.0 = Debug|Any CPU
		{820FBA7D-63AD-4124-ACD2-286CF2CAA5E6}.Release|Any CPU.ActiveCfg = Release|Any CPU
		{820FBA7D-63AD-4124-ACD2-286CF2CAA5E6}.Release|Any CPU.Build.0 = Release|Any CPU
	EndGlobalSection
	GlobalSection(SolutionProperties) = preSolution
		HideSolutionNode = FALSE
	EndGlobalSection
	GlobalSection(ExtensibilityGlobals) = postSolution
		SolutionGuid = {38C79928-3628-4338-866B-3EF19CD2802D}
	EndGlobalSection
EndGlobal
